
Microsoft Visual Studio Solution File, Format Version 12.00
# Visual Studio 14
VisualStudioVersion = 14.0.25420.1
MinimumVisualStudioVersion = 10.0.40219.1
Project("{FAE04EC0-301F-11D3-BF4B-00C04F79EFBC}") = "01_Projeto", "01_Projeto\01_Projeto.csproj", "{C395D4CB-9C05-4B2F-B9EC-677D65F340DA}"
EndProject
Project("{FAE04EC0-301F-11D3-BF4B-00C04F79EFBC}") = "Biblioteca", "Biblioteca\Biblioteca.csproj", "{468EC8C4-E1CE-43D5-8463-11ABCF428D3A}"
EndProject
Global
	GlobalSection(SolutionConfigurationPlatforms) = preSolution
		Debug|Any CPU = Debug|Any CPU
		Release|Any CPU = Release|Any CPU
	EndGlobalSection
	GlobalSection(ProjectConfigurationPlatforms) = postSolution
		{C395D4CB-9C05-4B2F-B9EC-677D65F340DA}.Debug|Any CPU.ActiveCfg = Debug|Any CPU
		{C395D4CB-9C05-4B2F-B9EC-677D65F340DA}.Debug|Any CPU.Build.0 = Debug|Any CPU
		{C395D4CB-9C05-4B2F-B9EC-677D65F340DA}.Release|Any CPU.ActiveCfg = Release|Any CPU
		{C395D4CB-9C05-4B2F-B9EC-677D65F340DA}.Release|Any CPU.Build.0 = Release|Any CPU
		{468EC8C4-E1CE-43D5-8463-11ABCF428D3A}.Debug|Any CPU.ActiveCfg = Debug|Any CPU
		{468EC8C4-E1CE-43D5-8463-11ABCF428D3A}.Debug|Any CPU.Build.0 = Debug|Any CPU
		{468EC8C4-E1CE-43D5-8463-11ABCF428D3A}.Release|Any CPU.ActiveCfg = Release|Any CPU
		{468EC8C4-E1CE-43D5-8463-11ABCF428D3A}.Release|Any CPU.Build.0 = Release|Any CPU
	EndGlobalSection
	GlobalSection(SolutionProperties) = preSolution
		HideSolutionNode = FALSE
	EndGlobalSection
EndGlobal
