
Microsoft Visual Studio Solution File, Format Version 12.00
# Visual Studio 14
VisualStudioVersion = 14.0.25420.1
MinimumVisualStudioVersion = 10.0.40219.1
Project("{FAE04EC0-301F-11D3-BF4B-00C04F79EFBC}") = "01 - LocalizarTexto", "01 - LocalizarTexto\01 - LocalizarTexto.csproj", "{CF4E1465-9A61-4AE9-9921-283C51C3DE9C}"
EndProject
Project("{FAE04EC0-301F-11D3-BF4B-00C04F79EFBC}") = "02 - SubstituirTexto", "02 - SubstituirTexto\02 - SubstituirTexto.csproj", "{DF8A623D-DCE9-4DBD-A1C6-CF207CF9EE9A}"
EndProject
Project("{FAE04EC0-301F-11D3-BF4B-00C04F79EFBC}") = "03 - VerificarSeTextoExiste", "03 - VerificarSeTextoExiste\03 - VerificarSeTextoExiste.csproj", "{2EE01565-BF10-4329-B4F2-EBEAC9296C43}"
EndProject
Project("{FAE04EC0-301F-11D3-BF4B-00C04F79EFBC}") = "04 - MudarCase", "04 - MudarCase\04 - MudarCase.csproj", "{893D2B16-1DF0-42D3-B287-A6D9DE41B9C7}"
EndProject
Global
	GlobalSection(SolutionConfigurationPlatforms) = preSolution
		Debug|Any CPU = Debug|Any CPU
		Release|Any CPU = Release|Any CPU
	EndGlobalSection
	GlobalSection(ProjectConfigurationPlatforms) = postSolution
		{CF4E1465-9A61-4AE9-9921-283C51C3DE9C}.Debug|Any CPU.ActiveCfg = Debug|Any CPU
		{CF4E1465-9A61-4AE9-9921-283C51C3DE9C}.Debug|Any CPU.Build.0 = Debug|Any CPU
		{CF4E1465-9A61-4AE9-9921-283C51C3DE9C}.Release|Any CPU.ActiveCfg = Release|Any CPU
		{CF4E1465-9A61-4AE9-9921-283C51C3DE9C}.Release|Any CPU.Build.0 = Release|Any CPU
		{DF8A623D-DCE9-4DBD-A1C6-CF207CF9EE9A}.Debug|Any CPU.ActiveCfg = Debug|Any CPU
		{DF8A623D-DCE9-4DBD-A1C6-CF207CF9EE9A}.Debug|Any CPU.Build.0 = Debug|Any CPU
		{DF8A623D-DCE9-4DBD-A1C6-CF207CF9EE9A}.Release|Any CPU.ActiveCfg = Release|Any CPU
		{DF8A623D-DCE9-4DBD-A1C6-CF207CF9EE9A}.Release|Any CPU.Build.0 = Release|Any CPU
		{2EE01565-BF10-4329-B4F2-EBEAC9296C43}.Debug|Any CPU.ActiveCfg = Debug|Any CPU
		{2EE01565-BF10-4329-B4F2-EBEAC9296C43}.Debug|Any CPU.Build.0 = Debug|Any CPU
		{2EE01565-BF10-4329-B4F2-EBEAC9296C43}.Release|Any CPU.ActiveCfg = Release|Any CPU
		{2EE01565-BF10-4329-B4F2-EBEAC9296C43}.Release|Any CPU.Build.0 = Release|Any CPU
		{893D2B16-1DF0-42D3-B287-A6D9DE41B9C7}.Debug|Any CPU.ActiveCfg = Debug|Any CPU
		{893D2B16-1DF0-42D3-B287-A6D9DE41B9C7}.Debug|Any CPU.Build.0 = Debug|Any CPU
		{893D2B16-1DF0-42D3-B287-A6D9DE41B9C7}.Release|Any CPU.ActiveCfg = Release|Any CPU
		{893D2B16-1DF0-42D3-B287-A6D9DE41B9C7}.Release|Any CPU.Build.0 = Release|Any CPU
	EndGlobalSection
	GlobalSection(SolutionProperties) = preSolution
		HideSolutionNode = FALSE
	EndGlobalSection
EndGlobal
